
Microsoft Visual Studio Solution File, Format Version 12.00
# Visual Studio 15
Project("{FAE04EC0-301F-11D3-BF4B-00C04F79EFBC}") = "IUT", "Assembly-CSharp.csproj", "{4348655C-D8AE-0E52-35F5-10D96163CF70}"
EndProject
Project("{FAE04EC0-301F-11D3-BF4B-00C04F79EFBC}") = "IUT", "Assembly-CSharp-Editor.csproj", "{8AF3D8F0-E11C-1D96-8241-509D21CE38E7}"
EndProject
Global
	GlobalSection(SolutionConfigurationPlatforms) = preSolution
		Debug|Any CPU = Debug|Any CPU
		Release|Any CPU = Release|Any CPU
	EndGlobalSection
	GlobalSection(ProjectConfigurationPlatforms) = postSolution
		{4348655C-D8AE-0E52-35F5-10D96163CF70}.Debug|Any CPU.ActiveCfg = Debug|Any CPU
		{4348655C-D8AE-0E52-35F5-10D96163CF70}.Debug|Any CPU.Build.0 = Debug|Any CPU
		{4348655C-D8AE-0E52-35F5-10D96163CF70}.Release|Any CPU.ActiveCfg = Release|Any CPU
		{4348655C-D8AE-0E52-35F5-10D96163CF70}.Release|Any CPU.Build.0 = Release|Any CPU
		{8AF3D8F0-E11C-1D96-8241-509D21CE38E7}.Debug|Any CPU.ActiveCfg = Debug|Any CPU
		{8AF3D8F0-E11C-1D96-8241-509D21CE38E7}.Debug|Any CPU.Build.0 = Debug|Any CPU
		{8AF3D8F0-E11C-1D96-8241-509D21CE38E7}.Release|Any CPU.ActiveCfg = Release|Any CPU
		{8AF3D8F0-E11C-1D96-8241-509D21CE38E7}.Release|Any CPU.Build.0 = Release|Any CPU
	EndGlobalSection
	GlobalSection(SolutionProperties) = preSolution
		HideSolutionNode = FALSE
	EndGlobalSection
EndGlobal
